
Microsoft Visual Studio Solution File, Format Version 12.00
# Visual Studio Version 17
VisualStudioVersion = 17.7.34031.279
MinimumVisualStudioVersion = 10.0.40219.1
Project("{FAE04EC0-301F-11D3-BF4B-00C04F79EFBC}") = "Excercise_3", "Excercise_3\Excercise_3.csproj", "{A03D1173-C4BD-4A90-B9FC-698C90819E36}"
EndProject
Global
	GlobalSection(SolutionConfigurationPlatforms) = preSolution
		Debug|Any CPU = Debug|Any CPU
		Release|Any CPU = Release|Any CPU
	EndGlobalSection
	GlobalSection(ProjectConfigurationPlatforms) = postSolution
		{A03D1173-C4BD-4A90-B9FC-698C90819E36}.Debug|Any CPU.ActiveCfg = Debug|Any CPU
		{A03D1173-C4BD-4A90-B9FC-698C90819E36}.Debug|Any CPU.Build.0 = Debug|Any CPU
		{A03D1173-C4BD-4A90-B9FC-698C90819E36}.Release|Any CPU.ActiveCfg = Release|Any CPU
		{A03D1173-C4BD-4A90-B9FC-698C90819E36}.Release|Any CPU.Build.0 = Release|Any CPU
	EndGlobalSection
	GlobalSection(SolutionProperties) = preSolution
		HideSolutionNode = FALSE
	EndGlobalSection
	GlobalSection(ExtensibilityGlobals) = postSolution
		SolutionGuid = {BDED768A-DACD-4AB3-8C9D-C77B12961E60}
	EndGlobalSection
EndGlobal
