
Microsoft Visual Studio Solution File, Format Version 12.00
# Visual Studio Version 17
VisualStudioVersion = 17.7.34031.279
MinimumVisualStudioVersion = 10.0.40219.1
Project("{FAE04EC0-301F-11D3-BF4B-00C04F79EFBC}") = "practice_window6", "practice_window6\practice_window6.csproj", "{B89F2A1D-E1B9-4DF5-8A62-ED41ECD6AF2B}"
EndProject
Global
	GlobalSection(SolutionConfigurationPlatforms) = preSolution
		Debug|Any CPU = Debug|Any CPU
		Release|Any CPU = Release|Any CPU
	EndGlobalSection
	GlobalSection(ProjectConfigurationPlatforms) = postSolution
		{B89F2A1D-E1B9-4DF5-8A62-ED41ECD6AF2B}.Debug|Any CPU.ActiveCfg = Debug|Any CPU
		{B89F2A1D-E1B9-4DF5-8A62-ED41ECD6AF2B}.Debug|Any CPU.Build.0 = Debug|Any CPU
		{B89F2A1D-E1B9-4DF5-8A62-ED41ECD6AF2B}.Release|Any CPU.ActiveCfg = Release|Any CPU
		{B89F2A1D-E1B9-4DF5-8A62-ED41ECD6AF2B}.Release|Any CPU.Build.0 = Release|Any CPU
	EndGlobalSection
	GlobalSection(SolutionProperties) = preSolution
		HideSolutionNode = FALSE
	EndGlobalSection
	GlobalSection(ExtensibilityGlobals) = postSolution
		SolutionGuid = {924270C5-7BAD-4119-8496-280B28430C2A}
	EndGlobalSection
EndGlobal
